<?xml version="1.0" encoding="utf-8"?>
<Project ToolsVersion="4.0" xmlns="http://schemas.microsoft.com/developer/msbuild/2003">
  <ItemGroup>
    <Filter Include="inc">
      <UniqueIdentifier>{c95b8181-3150-4afa-b3a2-6cc8c35dda8d}</UniqueIdentifier>
      <Extensions>h;hh;hpp;hxx;hm;inl;inc;xsd</Extensions>
    </Filter>
    <Filter Include="inc\extc">
      <UniqueIdentifier>{11b1bdaa-949b-4f0c-b44c-3693f472ce5e}</UniqueIdentifier>
    </Filter>
    <Filter Include="src">
      <UniqueIdentifier>{d281b60d-bf4b-431d-831d-b24906fb859d}</UniqueIdentifier>
      <Extensions>cpp;cxx;def;odl;idl;hpj;bat</Extensions>
    </Filter>
    <Filter Include="src\asm">
      <UniqueIdentifier>{b1c7bb49-40ef-46f9-8f42-1b6ec5825089}</UniqueIdentifier>
      <Extensions>asm;asmx</Extensions>
    </Filter>
    <Filter Include="src\extc">
      <UniqueIdentifier>{7c88f96d-a67f-4a09-a99c-f1deaf10366f}</UniqueIdentifier>
      <Extensions>c</Extensions>
    </Filter>
    <Filter Include="res">
      <UniqueIdentifier>{5d2e693a-8bf3-4b57-9681-f7e8dc78bf0c}</UniqueIdentifier>
      <Extensions>rc;ico;cur;bmp;dlg;rc2;rct;bin;rgs;gif;jpg;jpeg;jpe;resx;tiff;tif;png;wav;mfcribbon-ms</Extensions>
    </Filter>
  </ItemGroup>
  <ItemGroup>
    <ClInclude Include="ext\abstract_lists.h">
      <Filter>inc\extc</Filter>
    </ClInclude>
    <ClInclude Include="ext\palletize.h">
      <Filter>inc\extc</Filter>
    </ClInclude>
  </ItemGroup>
  <ItemGroup>
    <YASM Include="ext\frame-a.asm">
      <Filter>src\asm</Filter>
    </YASM>
    <YASM Include="ext\x86inc.asm">
      <Filter>src\asm</Filter>
    </YASM>
  </ItemGroup>
  <ItemGroup>
    <ClCompile Include="ext\palletize.c">
      <Filter>src\extc</Filter>
    </ClCompile>
  </ItemGroup>
  <ItemGroup>
    <ResourceCompile Include="res\libspp2pgs.rc">
      <Filter>res</Filter>
    </ResourceCompile>
  </ItemGroup>
</Project>