<?xml version="1.0" encoding="utf-8"?>
<Project ToolsVersion="4.0" xmlns="http://schemas.microsoft.com/developer/msbuild/2003">
  <ItemGroup>
    <Filter Include="inc">
      <UniqueIdentifier>{c95b8181-3150-4afa-b3a2-6cc8c35dda8d}</UniqueIdentifier>
      <Extensions>h;hh;hpp;hxx;hm;inl;inc;xsd</Extensions>
    </Filter>
    <Filter Include="inc\extc">
      <UniqueIdentifier>{11b1bdaa-949b-4f0c-b44c-3693f472ce5e}</UniqueIdentifier>
    </Filter>
    <Filter Include="src">
      <UniqueIdentifier>{d281b60d-bf4b-431d-831d-b24906fb859d}</UniqueIdentifier>
      <Extensions>cpp;cxx;def;odl;idl;hpj;bat</Extensions>
    </Filter>
    <Filter Include="src\asm">
      <UniqueIdentifier>{b1c7bb49-40ef-46f9-8f42-1b6ec5825089}</UniqueIdentifier>
      <Extensions>asm;asmx</Extensions>
    </Filter>
    <Filter Include="src\extc">
      <UniqueIdentifier>{7c88f96d-a67f-4a09-a99c-f1deaf10366f}</UniqueIdentifier>
      <Extensions>c</Extensions>
    </Filter>
    <Filter Include="res">
      <UniqueIdentifier>{5d2e693a-8bf3-4b57-9681-f7e8dc78bf0c}</UniqueIdentifier>
      <Extensions>rc;ico;cur;bmp;dlg;rc2;rct;bin;rgs;gif;jpg;jpeg;jpe;resx;tiff;tif;png;wav;mfcribbon-ms</Extensions>
    </Filter>
  </ItemGroup>
  <ItemGroup>
    <ClInclude Include="ext\abstract_lists.h">
      <Filter>inc\extc</Filter>
    </ClInclude>
    <ClInclude Include="ext\palletize.h">
      <Filter>inc\extc</Filter>
    </ClInclude>
    <ClInclude Include="inc\S2PContext.h">
      <Filter>inc</Filter>
    </ClInclude>
    <ClInclude Include="inc\S2PControllerBase.h">
      <Filter>inc</Filter>
    </ClInclude>
    <ClInclude Include="inc\S2PLogger.h">
      <Filter>inc</Filter>
    </ClInclude>
    <ClInclude Include="inc\S2PSettings.h">
      <Filter>inc</Filter>
    </ClInclude>
    <ClInclude Include="inc\BgraRawStream.h">
      <Filter>inc</Filter>
    </ClInclude>
    <ClInclude Include="inc\S2PEncoder.h">
      <Filter>inc</Filter>
    </ClInclude>
    <ClInclude Include="inc\GxBufferManager.h">
      <Filter>inc</Filter>
    </ClInclude>
    <ClInclude Include="inc\CompositionEncoder.h">
      <Filter>inc</Filter>
    </ClInclude>
    <ClInclude Include="inc\EpochEncoder.h">
      <Filter>inc</Filter>
    </ClInclude>
    <ClInclude Include="inc\BinaryBoard.h">
      <Filter>inc</Filter>
    </ClInclude>
    <ClInclude Include="inc\BlurayCommon.h">
      <Filter>inc</Filter>
    </ClInclude>
    <ClInclude Include="inc\BgraAvsStream.h">
      <Filter>inc</Filter>
    </ClInclude>
    <ClInclude Include="inc\BgraFrame.h">
      <Filter>inc</Filter>
    </ClInclude>
    <ClInclude Include="inc\DisplaySetThumb.h">
      <Filter>inc</Filter>
    </ClInclude>
    <ClInclude Include="inc\EpochCache.h">
      <Filter>inc</Filter>
    </ClInclude>
    <ClInclude Include="inc\ExceptionFormatters.h">
      <Filter>inc</Filter>
    </ClInclude>
    <ClInclude Include="inc\S2PExceptions.h">
      <Filter>inc</Filter>
    </ClInclude>
    <ClInclude Include="inc\Extern.h">
      <Filter>inc</Filter>
    </ClInclude>
    <ClInclude Include="inc\FrameStream.h">
      <Filter>inc</Filter>
    </ClInclude>
    <ClInclude Include="inc\FrameStreamAdvisor.h">
      <Filter>inc</Filter>
    </ClInclude>
    <ClInclude Include="inc\GraphicalTypes.h">
      <Filter>inc</Filter>
    </ClInclude>
    <ClInclude Include="inc\IndexedImage.h">
      <Filter>inc</Filter>
    </ClInclude>
    <ClInclude Include="inc\EpochManager.h">
      <Filter>inc</Filter>
    </ClInclude>
    <ClInclude Include="inc\libspp2pgs.h">
      <Filter>inc</Filter>
    </ClInclude>
    <ClInclude Include="inc\pch.h">
      <Filter>inc</Filter>
    </ClInclude>
    <ClInclude Include="inc\ProgressReporter.h">
      <Filter>inc</Filter>
    </ClInclude>
    <ClInclude Include="inc\StillImage.h">
      <Filter>inc</Filter>
    </ClInclude>
    <ClInclude Include="inc\PgsEncoder.h">
      <Filter>inc</Filter>
    </ClInclude>
    <ClInclude Include="inc\StreamEx.h">
      <Filter>inc</Filter>
    </ClInclude>
    <ClInclude Include="inc\PgsWriter.h">
      <Filter>inc</Filter>
    </ClInclude>
    <ClInclude Include="inc\Win32StreamEx.h">
      <Filter>inc</Filter>
    </ClInclude>
    <ClInclude Include="inc\CfileStreamEx.h">
      <Filter>inc</Filter>
    </ClInclude>
    <ClInclude Include="res\resource.h">
      <Filter>inc</Filter>
    </ClInclude>
    <ClInclude Include="inc\BgraSubPicStream.h">
      <Filter>inc</Filter>
    </ClInclude>
    <ClInclude Include="inc\S2PGlobal.h">
      <Filter>inc</Filter>
    </ClInclude>
  </ItemGroup>
  <ItemGroup>
    <YASM Include="ext\frame-a.asm">
      <Filter>src\asm</Filter>
    </YASM>
    <YASM Include="ext\x86inc.asm">
      <Filter>src\asm</Filter>
    </YASM>
  </ItemGroup>
  <ItemGroup>
    <ClCompile Include="ext\palletize.c">
      <Filter>src\extc</Filter>
    </ClCompile>
    <ClCompile Include="src\S2PEncoder.cpp">
      <Filter>src</Filter>
    </ClCompile>
    <ClCompile Include="src\BgraRawStream.cpp">
      <Filter>src</Filter>
    </ClCompile>
    <ClCompile Include="src\GxBufferManager.cpp">
      <Filter>src</Filter>
    </ClCompile>
    <ClCompile Include="src\CompositionEncoder.cpp">
      <Filter>src</Filter>
    </ClCompile>
    <ClCompile Include="src\EpochEncoder.cpp">
      <Filter>src</Filter>
    </ClCompile>
    <ClCompile Include="src\PgsWriter.cpp">
      <Filter>src</Filter>
    </ClCompile>
    <ClCompile Include="src\PgsEncoder.cpp">
      <Filter>src</Filter>
    </ClCompile>
    <ClCompile Include="src\libspp2pgs.cpp">
      <Filter>src</Filter>
    </ClCompile>
    <ClCompile Include="src\BinaryBoard.cpp">
      <Filter>src</Filter>
    </ClCompile>
    <ClCompile Include="src\BgraAvsStream.cpp">
      <Filter>src</Filter>
    </ClCompile>
    <ClCompile Include="src\BgraFrame.cpp">
      <Filter>src</Filter>
    </ClCompile>
    <ClCompile Include="src\DisplaySetThumb.cpp">
      <Filter>src</Filter>
    </ClCompile>
    <ClCompile Include="src\EpochCache.cpp">
      <Filter>src</Filter>
    </ClCompile>
    <ClCompile Include="src\IndexedImage.cpp">
      <Filter>src</Filter>
    </ClCompile>
    <ClCompile Include="src\EpochManager.cpp">
      <Filter>src</Filter>
    </ClCompile>
    <ClCompile Include="src\pch.cpp">
      <Filter>src</Filter>
    </ClCompile>
    <ClCompile Include="src\StillImage.cpp">
      <Filter>src</Filter>
    </ClCompile>
    <ClCompile Include="src\Win32StreamEx.cpp">
      <Filter>src</Filter>
    </ClCompile>
    <ClCompile Include="src\CfileStreamEx.cpp">
      <Filter>src</Filter>
    </ClCompile>
    <ClCompile Include="src\BgraSubPicStream.cpp">
      <Filter>src</Filter>
    </ClCompile>
    <ClCompile Include="src\S2PGlobal.cpp">
      <Filter>src</Filter>
    </ClCompile>
  </ItemGroup>
  <ItemGroup>
    <ResourceCompile Include="res\libspp2pgs.rc">
      <Filter>res</Filter>
    </ResourceCompile>
  </ItemGroup>
</Project>