<?xml version="1.0" encoding="utf-8"?>
<Project ToolsVersion="4.0" xmlns="http://schemas.microsoft.com/developer/msbuild/2003">
  <ItemGroup>
    <Filter Include="res">
      <UniqueIdentifier>{a97af517-0562-486f-b6c2-e4fa6f5c7b4d}</UniqueIdentifier>
      <Extensions>rc;ico;cur;bmp;dlg;rc2;rct;bin;rgs;gif;jpg;jpeg;jpe;resx;tiff;tif;png;wav;mfcribbon-ms</Extensions>
    </Filter>
    <Filter Include="inc">
      <UniqueIdentifier>{bc3533d7-f973-407b-aeea-e5a73143e596}</UniqueIdentifier>
      <Extensions>h;hh;hpp;hxx;hm;inl;inc;xsd</Extensions>
    </Filter>
  </ItemGroup>
  <ItemGroup>
    <ClCompile Include="res\AssemblyInfo.cpp">
      <Filter>res</Filter>
    </ClCompile>
    <ClCompile Include="Spp2PgsNet.cpp" />
    <ClCompile Include="Stdafx.cpp" />
    <ClCompile Include="oledll.cpp" />
  </ItemGroup>
  <ItemGroup>
    <ResourceCompile Include="res\app.rc">
      <Filter>res</Filter>
    </ResourceCompile>
  </ItemGroup>
  <ItemGroup>
    <None Include="default.snk" />
    <None Include="packages.config" />
  </ItemGroup>
  <ItemGroup>
    <ClInclude Include="Spp2PgsNet.h">
      <Filter>inc</Filter>
    </ClInclude>
    <ClInclude Include="ClrAdvisor.h">
      <Filter>inc</Filter>
    </ClInclude>
    <ClInclude Include="ClrLogger.h">
      <Filter>inc</Filter>
    </ClInclude>
    <ClInclude Include="ClrReporter.h">
      <Filter>inc</Filter>
    </ClInclude>
    <ClInclude Include="ClrSettings.h">
      <Filter>inc</Filter>
    </ClInclude>
    <ClInclude Include="ClrStreamEx.h">
      <Filter>inc</Filter>
    </ClInclude>
    <ClInclude Include="IS2PLogger.h">
      <Filter>inc</Filter>
    </ClInclude>
    <ClInclude Include="IS2PSettings.h">
      <Filter>inc</Filter>
    </ClInclude>
    <ClInclude Include="IFrameStreamAdvisor.h">
      <Filter>inc</Filter>
    </ClInclude>
    <ClInclude Include="IProgressReporter.h">
      <Filter>inc</Filter>
    </ClInclude>
    <ClInclude Include="res\resource.h">
      <Filter>inc</Filter>
    </ClInclude>
    <ClInclude Include="Stdafx.h">
      <Filter>inc</Filter>
    </ClInclude>
    <ClInclude Include="PgsEncoderNet.h">
      <Filter>inc</Filter>
    </ClInclude>
    <ClInclude Include="FrameStreamNet.h">
      <Filter>inc</Filter>
    </ClInclude>
    <ClInclude Include="oledll.h">
      <Filter>inc</Filter>
    </ClInclude>
    <ClInclude Include="SubPicProviderNet.h">
      <Filter>inc</Filter>
    </ClInclude>
    <ClInclude Include="SppAdvisorNet.h">
      <Filter>inc</Filter>
    </ClInclude>
    <ClInclude Include="SubPicProviderContextNet.h">
      <Filter>inc</Filter>
    </ClInclude>
    <ClInclude Include="Spp2PgsNetGlobal.h">
      <Filter>inc</Filter>
    </ClInclude>
  </ItemGroup>
</Project>